# THIS IS AN AUTOGENERATED FILE. DO NOT EDIT THIS FILE DIRECTLY.
# yarn lockfile v1


css-ripple-effect@^1.0.5:
  version "1.0.5"
  resolved "https://registry.yarnpkg.com/css-ripple-effect/-/css-ripple-effect-1.0.5.tgz#6963b752aaf59babbd3fea3ec0da5d44e9122efb"
  integrity sha1-aWO3Uqr1m6u9P+o+wNpdROkSLvs=

hover.css@^2.3.2:
  version "2.3.2"
  resolved "https://registry.yarnpkg.com/hover.css/-/hover.css-2.3.2.tgz#f07193d9c7409d4e395134d3b2215b99eb55e0d3"
  integrity sha1-8HGT2cdAnU45UTTTsiFbmetV4NM=
